
Microsoft Visual Studio Solution File, Format Version 12.00
# Visual Studio Version 17
VisualStudioVersion = 17.11.35219.272
MinimumVisualStudioVersion = 10.0.40219.1
Project("{FAE04EC0-301F-11D3-BF4B-00C04F79EFBC}") = "prySP4", "prySP4\prySP4.csproj", "{4B8A5F7E-9B99-4CDF-900B-FA366440063B}"
EndProject
Global
	GlobalSection(SolutionConfigurationPlatforms) = preSolution
		Debug|Any CPU = Debug|Any CPU
		Release|Any CPU = Release|Any CPU
	EndGlobalSection
	GlobalSection(ProjectConfigurationPlatforms) = postSolution
		{4B8A5F7E-9B99-4CDF-900B-FA366440063B}.Debug|Any CPU.ActiveCfg = Debug|Any CPU
		{4B8A5F7E-9B99-4CDF-900B-FA366440063B}.Debug|Any CPU.Build.0 = Debug|Any CPU
		{4B8A5F7E-9B99-4CDF-900B-FA366440063B}.Release|Any CPU.ActiveCfg = Release|Any CPU
		{4B8A5F7E-9B99-4CDF-900B-FA366440063B}.Release|Any CPU.Build.0 = Release|Any CPU
	EndGlobalSection
	GlobalSection(SolutionProperties) = preSolution
		HideSolutionNode = FALSE
	EndGlobalSection
	GlobalSection(ExtensibilityGlobals) = postSolution
		SolutionGuid = {738E03AF-01FE-4245-9873-6F9DD620E5F4}
	EndGlobalSection
EndGlobal
